{
  "nodes": {
    "ghc-nix": {
      "flake": false,
      "locked": {
        "lastModified": 1651260848,
        "narHash": "sha256-YNx5qMwhzCM4ViAqKUDtazl8/twcdgCcNpuHgX1n3+0=",
        "owner": "matthewbauer",
        "repo": "ghc-nix",
        "rev": "3a78d98e2d675084c637c9d133d80ec612a29cd3",
        "type": "github"
      },
      "original": {
        "owner": "matthewbauer",
        "repo": "ghc-nix",
        "type": "github"
      }
    },
    "nixpkgs": {
      "locked": {
        "lastModified": 1651114127,
        "narHash": "sha256-/lLC0wkMZkAdA5e1W76SnJzbhfOGDvync3VRHJMtAKk=",
        "owner": "NixOS",
        "repo": "nixpkgs",
        "rev": "6766fb6503ae1ebebc2a9704c162b2aef351f921",
        "type": "github"
      },
      "original": {
        "id": "nixpkgs",
        "type": "indirect"
      }
    },
    "root": {
      "inputs": {
        "ghc-nix": "ghc-nix",
        "nixpkgs": "nixpkgs"
      }
    }
  },
  "root": "root",
  "version": 7
}
